// !$*UTF8*$!
{
	archiveVersion = 1;
	classes = {
	};
	objectVersion = 56;
	objects = {

/* Begin PBXBuildFile section */
		02BEEAAF2B20ACF500DDC2BE /* AfricaAppApp.swift in Sources */ = {isa = PBXBuildFile; fileRef = 02BEEAAE2B20ACF500DDC2BE /* AfricaAppApp.swift */; };
		02BEEAB32B20ACF700DDC2BE /* Assets.xcassets in Resources */ = {isa = PBXBuildFile; fileRef = 02BEEAB22B20ACF700DDC2BE /* Assets.xcassets */; };
		02BEEAB62B20ACF700DDC2BE /* Preview Assets.xcassets in Resources */ = {isa = PBXBuildFile; fileRef = 02BEEAB52B20ACF700DDC2BE /* Preview Assets.xcassets */; };
		02BEEAEE2B20AD3000DDC2BE /* locations.json in Resources */ = {isa = PBXBuildFile; fileRef = 02BEEABD2B20AD2C00DDC2BE /* locations.json */; };
		02BEEAEF2B20AD3000DDC2BE /* covers.json in Resources */ = {isa = PBXBuildFile; fileRef = 02BEEABE2B20AD2C00DDC2BE /* covers.json */; };
		02BEEAF02B20AD3000DDC2BE /* animals.json in Resources */ = {isa = PBXBuildFile; fileRef = 02BEEABF2B20AD2C00DDC2BE /* animals.json */; };
		02BEEAF12B20AD3000DDC2BE /* videos.json in Resources */ = {isa = PBXBuildFile; fileRef = 02BEEAC02B20AD2C00DDC2BE /* videos.json */; };
		02BEEAF22B20AD3000DDC2BE /* CodableBundleExtension.swift in Sources */ = {isa = PBXBuildFile; fileRef = 02BEEAC22B20AD2C00DDC2BE /* CodableBundleExtension.swift */; };
		02BEEAF32B20AD3000DDC2BE /* AnimalModel.swift in Sources */ = {isa = PBXBuildFile; fileRef = 02BEEAC42B20AD2C00DDC2BE /* AnimalModel.swift */; };
		02BEEAF42B20AD3000DDC2BE /* VideoModel.swift in Sources */ = {isa = PBXBuildFile; fileRef = 02BEEAC52B20AD2C00DDC2BE /* VideoModel.swift */; };
		02BEEAF52B20AD3000DDC2BE /* CoverImageModel.swift in Sources */ = {isa = PBXBuildFile; fileRef = 02BEEAC62B20AD2C00DDC2BE /* CoverImageModel.swift */; };
		02BEEAF62B20AD3000DDC2BE /* LocationModel.swift in Sources */ = {isa = PBXBuildFile; fileRef = 02BEEAC72B20AD2C00DDC2BE /* LocationModel.swift */; };
		02BEEAF72B20AD3000DDC2BE /* CenterModifier.swift in Sources */ = {isa = PBXBuildFile; fileRef = 02BEEAC92B20AD2C00DDC2BE /* CenterModifier.swift */; };
		02BEEAF82B20AD3000DDC2BE /* VideoPlayerHelper.swift in Sources */ = {isa = PBXBuildFile; fileRef = 02BEEACB2B20AD2C00DDC2BE /* VideoPlayerHelper.swift */; };
		02BEEAF92B20AD3000DDC2BE /* HeadingView.swift in Sources */ = {isa = PBXBuildFile; fileRef = 02BEEACD2B20AD2C00DDC2BE /* HeadingView.swift */; };
		02BEEAFA2B20AD3000DDC2BE /* VideoPlayerView.swift in Sources */ = {isa = PBXBuildFile; fileRef = 02BEEACF2B20AD2C00DDC2BE /* VideoPlayerView.swift */; };
		02BEEAFB2B20AD3000DDC2BE /* VideoListItem.swift in Sources */ = {isa = PBXBuildFile; fileRef = 02BEEAD02B20AD2C00DDC2BE /* VideoListItem.swift */; };
		02BEEAFC2B20AD3000DDC2BE /* AnimalGridItemView.swift in Sources */ = {isa = PBXBuildFile; fileRef = 02BEEAD12B20AD2C00DDC2BE /* AnimalGridItemView.swift */; };
		02BEEAFD2B20AD3000DDC2BE /* ExternalWebLinkView.swift in Sources */ = {isa = PBXBuildFile; fileRef = 02BEEAD22B20AD2C00DDC2BE /* ExternalWebLinkView.swift */; };
		02BEEAFE2B20AD3000DDC2BE /* CoverImageView.swift in Sources */ = {isa = PBXBuildFile; fileRef = 02BEEAD32B20AD2C00DDC2BE /* CoverImageView.swift */; };
		02BEEAFF2B20AD3000DDC2BE /* InsetMapView.swift in Sources */ = {isa = PBXBuildFile; fileRef = 02BEEAD42B20AD2C00DDC2BE /* InsetMapView.swift */; };
		02BEEB002B20AD3000DDC2BE /* AnimalListItemView.swift in Sources */ = {isa = PBXBuildFile; fileRef = 02BEEAD52B20AD2C00DDC2BE /* AnimalListItemView.swift */; };
		02BEEB012B20AD3000DDC2BE /* MotionAnimationView.swift in Sources */ = {isa = PBXBuildFile; fileRef = 02BEEAD62B20AD2C00DDC2BE /* MotionAnimationView.swift */; };
		02BEEB022B20AD3000DDC2BE /* InsetFactView.swift in Sources */ = {isa = PBXBuildFile; fileRef = 02BEEAD72B20AD2C00DDC2BE /* InsetFactView.swift */; };
		02BEEB032B20AD3000DDC2BE /* InsetGalleryView.swift in Sources */ = {isa = PBXBuildFile; fileRef = 02BEEAD82B20AD2C00DDC2BE /* InsetGalleryView.swift */; };
		02BEEB042B20AD3000DDC2BE /* AnimalDetailView.swift in Sources */ = {isa = PBXBuildFile; fileRef = 02BEEAD92B20AD2C00DDC2BE /* AnimalDetailView.swift */; };
		02BEEB052B20AD3000DDC2BE /* CopyrightView.swift in Sources */ = {isa = PBXBuildFile; fileRef = 02BEEADA2B20AD2C00DDC2BE /* CopyrightView.swift */; };
		02BEEB062B20AD3000DDC2BE /* MapAnnotationView.swift in Sources */ = {isa = PBXBuildFile; fileRef = 02BEEADB2B20AD2C00DDC2BE /* MapAnnotationView.swift */; };
		02BEEB072B20AD3000DDC2BE /* giraffe.mp4 in Resources */ = {isa = PBXBuildFile; fileRef = 02BEEADD2B20AD3000DDC2BE /* giraffe.mp4 */; };
		02BEEB082B20AD3000DDC2BE /* ostrich.mp4 in Resources */ = {isa = PBXBuildFile; fileRef = 02BEEADE2B20AD3000DDC2BE /* ostrich.mp4 */; };
		02BEEB092B20AD3000DDC2BE /* zebra.mp4 in Resources */ = {isa = PBXBuildFile; fileRef = 02BEEADF2B20AD3000DDC2BE /* zebra.mp4 */; };
		02BEEB0A2B20AD3000DDC2BE /* hippo.mp4 in Resources */ = {isa = PBXBuildFile; fileRef = 02BEEAE02B20AD3000DDC2BE /* hippo.mp4 */; };
		02BEEB0B2B20AD3000DDC2BE /* cheetah.mp4 in Resources */ = {isa = PBXBuildFile; fileRef = 02BEEAE12B20AD3000DDC2BE /* cheetah.mp4 */; };
		02BEEB0C2B20AD3000DDC2BE /* gorilla.mp4 in Resources */ = {isa = PBXBuildFile; fileRef = 02BEEAE22B20AD3000DDC2BE /* gorilla.mp4 */; };
		02BEEB0D2B20AD3000DDC2BE /* elephant.mp4 in Resources */ = {isa = PBXBuildFile; fileRef = 02BEEAE32B20AD3000DDC2BE /* elephant.mp4 */; };
		02BEEB0E2B20AD3000DDC2BE /* lioness.mp4 in Resources */ = {isa = PBXBuildFile; fileRef = 02BEEAE42B20AD3000DDC2BE /* lioness.mp4 */; };
		02BEEB0F2B20AD3000DDC2BE /* lion.mp4 in Resources */ = {isa = PBXBuildFile; fileRef = 02BEEAE52B20AD3000DDC2BE /* lion.mp4 */; };
		02BEEB102B20AD3000DDC2BE /* rhino.mp4 in Resources */ = {isa = PBXBuildFile; fileRef = 02BEEAE62B20AD3000DDC2BE /* rhino.mp4 */; };
		02BEEB112B20AD3000DDC2BE /* MapView.swift in Sources */ = {isa = PBXBuildFile; fileRef = 02BEEAE82B20AD3000DDC2BE /* MapView.swift */; };
		02BEEB132B20AD3000DDC2BE /* GalleryView.swift in Sources */ = {isa = PBXBuildFile; fileRef = 02BEEAEA2B20AD3000DDC2BE /* GalleryView.swift */; };
		02BEEB142B20AD3000DDC2BE /* MainView.swift in Sources */ = {isa = PBXBuildFile; fileRef = 02BEEAEB2B20AD3000DDC2BE /* MainView.swift */; };
		02BEEB152B20AD3000DDC2BE /* ContentView.swift in Sources */ = {isa = PBXBuildFile; fileRef = 02BEEAEC2B20AD3000DDC2BE /* ContentView.swift */; };
		02BEEB162B20AD3000DDC2BE /* VideoListView.swift in Sources */ = {isa = PBXBuildFile; fileRef = 02BEEAED2B20AD3000DDC2BE /* VideoListView.swift */; };
		02BEEB192B20AF6700DDC2BE /* CenterModifier.swift in Sources */ = {isa = PBXBuildFile; fileRef = 02BEEB182B20AF6700DDC2BE /* CenterModifier.swift */; };
/* End PBXBuildFile section */

/* Begin PBXFileReference section */
		02BEEAAB2B20ACF500DDC2BE /* AfricaApp.app */ = {isa = PBXFileReference; explicitFileType = wrapper.application; includeInIndex = 0; path = AfricaApp.app; sourceTree = BUILT_PRODUCTS_DIR; };
		02BEEAAE2B20ACF500DDC2BE /* AfricaAppApp.swift */ = {isa = PBXFileReference; lastKnownFileType = sourcecode.swift; path = AfricaAppApp.swift; sourceTree = "<group>"; };
		02BEEAB22B20ACF700DDC2BE /* Assets.xcassets */ = {isa = PBXFileReference; lastKnownFileType = folder.assetcatalog; path = Assets.xcassets; sourceTree = "<group>"; };
		02BEEAB52B20ACF700DDC2BE /* Preview Assets.xcassets */ = {isa = PBXFileReference; lastKnownFileType = folder.assetcatalog; path = "Preview Assets.xcassets"; sourceTree = "<group>"; };
		02BEEABD2B20AD2C00DDC2BE /* locations.json */ = {isa = PBXFileReference; fileEncoding = 4; lastKnownFileType = text.json; path = locations.json; sourceTree = "<group>"; };
		02BEEABE2B20AD2C00DDC2BE /* covers.json */ = {isa = PBXFileReference; fileEncoding = 4; lastKnownFileType = text.json; path = covers.json; sourceTree = "<group>"; };
		02BEEABF2B20AD2C00DDC2BE /* animals.json */ = {isa = PBXFileReference; fileEncoding = 4; lastKnownFileType = text.json; path = animals.json; sourceTree = "<group>"; };
		02BEEAC02B20AD2C00DDC2BE /* videos.json */ = {isa = PBXFileReference; fileEncoding = 4; lastKnownFileType = text.json; path = videos.json; sourceTree = "<group>"; };
		02BEEAC22B20AD2C00DDC2BE /* CodableBundleExtension.swift */ = {isa = PBXFileReference; fileEncoding = 4; lastKnownFileType = sourcecode.swift; path = CodableBundleExtension.swift; sourceTree = "<group>"; };
		02BEEAC42B20AD2C00DDC2BE /* AnimalModel.swift */ = {isa = PBXFileReference; fileEncoding = 4; lastKnownFileType = sourcecode.swift; path = AnimalModel.swift; sourceTree = "<group>"; };
		02BEEAC52B20AD2C00DDC2BE /* VideoModel.swift */ = {isa = PBXFileReference; fileEncoding = 4; lastKnownFileType = sourcecode.swift; path = VideoModel.swift; sourceTree = "<group>"; };
		02BEEAC62B20AD2C00DDC2BE /* CoverImageModel.swift */ = {isa = PBXFileReference; fileEncoding = 4; lastKnownFileType = sourcecode.swift; path = CoverImageModel.swift; sourceTree = "<group>"; };
		02BEEAC72B20AD2C00DDC2BE /* LocationModel.swift */ = {isa = PBXFileReference; fileEncoding = 4; lastKnownFileType = sourcecode.swift; path = LocationModel.swift; sourceTree = "<group>"; };
		02BEEAC92B20AD2C00DDC2BE /* CenterModifier.swift */ = {isa = PBXFileReference; fileEncoding = 4; lastKnownFileType = sourcecode.swift; path = CenterModifier.swift; sourceTree = "<group>"; };
		02BEEACB2B20AD2C00DDC2BE /* VideoPlayerHelper.swift */ = {isa = PBXFileReference; fileEncoding = 4; lastKnownFileType = sourcecode.swift; path = VideoPlayerHelper.swift; sourceTree = "<group>"; };
		02BEEACD2B20AD2C00DDC2BE /* HeadingView.swift */ = {isa = PBXFileReference; fileEncoding = 4; lastKnownFileType = sourcecode.swift; path = HeadingView.swift; sourceTree = "<group>"; };
		02BEEACF2B20AD2C00DDC2BE /* VideoPlayerView.swift */ = {isa = PBXFileReference; fileEncoding = 4; lastKnownFileType = sourcecode.swift; path = VideoPlayerView.swift; sourceTree = "<group>"; };
		02BEEAD02B20AD2C00DDC2BE /* VideoListItem.swift */ = {isa = PBXFileReference; fileEncoding = 4; lastKnownFileType = sourcecode.swift; path = VideoListItem.swift; sourceTree = "<group>"; };
		02BEEAD12B20AD2C00DDC2BE /* AnimalGridItemView.swift */ = {isa = PBXFileReference; fileEncoding = 4; lastKnownFileType = sourcecode.swift; path = AnimalGridItemView.swift; sourceTree = "<group>"; };
		02BEEAD22B20AD2C00DDC2BE /* ExternalWebLinkView.swift */ = {isa = PBXFileReference; fileEncoding = 4; lastKnownFileType = sourcecode.swift; path = ExternalWebLinkView.swift; sourceTree = "<group>"; };
		02BEEAD32B20AD2C00DDC2BE /* CoverImageView.swift */ = {isa = PBXFileReference; fileEncoding = 4; lastKnownFileType = sourcecode.swift; path = CoverImageView.swift; sourceTree = "<group>"; };
		02BEEAD42B20AD2C00DDC2BE /* InsetMapView.swift */ = {isa = PBXFileReference; fileEncoding = 4; lastKnownFileType = sourcecode.swift; path = InsetMapView.swift; sourceTree = "<group>"; };
		02BEEAD52B20AD2C00DDC2BE /* AnimalListItemView.swift */ = {isa = PBXFileReference; fileEncoding = 4; lastKnownFileType = sourcecode.swift; path = AnimalListItemView.swift; sourceTree = "<group>"; };
		02BEEAD62B20AD2C00DDC2BE /* MotionAnimationView.swift */ = {isa = PBXFileReference; fileEncoding = 4; lastKnownFileType = sourcecode.swift; path = MotionAnimationView.swift; sourceTree = "<group>"; };
		02BEEAD72B20AD2C00DDC2BE /* InsetFactView.swift */ = {isa = PBXFileReference; fileEncoding = 4; lastKnownFileType = sourcecode.swift; path = InsetFactView.swift; sourceTree = "<group>"; };
		02BEEAD82B20AD2C00DDC2BE /* InsetGalleryView.swift */ = {isa = PBXFileReference; fileEncoding = 4; lastKnownFileType = sourcecode.swift; path = InsetGalleryView.swift; sourceTree = "<group>"; };
		02BEEAD92B20AD2C00DDC2BE /* AnimalDetailView.swift */ = {isa = PBXFileReference; fileEncoding = 4; lastKnownFileType = sourcecode.swift; path = AnimalDetailView.swift; sourceTree = "<group>"; };
		02BEEADA2B20AD2C00DDC2BE /* CopyrightView.swift */ = {isa = PBXFileReference; fileEncoding = 4; lastKnownFileType = sourcecode.swift; path = CopyrightView.swift; sourceTree = "<group>"; };
		02BEEADB2B20AD2C00DDC2BE /* MapAnnotationView.swift */ = {isa = PBXFileReference; fileEncoding = 4; lastKnownFileType = sourcecode.swift; path = MapAnnotationView.swift; sourceTree = "<group>"; };
		02BEEADD2B20AD3000DDC2BE /* giraffe.mp4 */ = {isa = PBXFileReference; lastKnownFileType = file; path = giraffe.mp4; sourceTree = "<group>"; };
		02BEEADE2B20AD3000DDC2BE /* ostrich.mp4 */ = {isa = PBXFileReference; lastKnownFileType = file; path = ostrich.mp4; sourceTree = "<group>"; };
		02BEEADF2B20AD3000DDC2BE /* zebra.mp4 */ = {isa = PBXFileReference; lastKnownFileType = file; path = zebra.mp4; sourceTree = "<group>"; };
		02BEEAE02B20AD3000DDC2BE /* hippo.mp4 */ = {isa = PBXFileReference; lastKnownFileType = file; path = hippo.mp4; sourceTree = "<group>"; };
		02BEEAE12B20AD3000DDC2BE /* cheetah.mp4 */ = {isa = PBXFileReference; lastKnownFileType = file; path = cheetah.mp4; sourceTree = "<group>"; };
		02BEEAE22B20AD3000DDC2BE /* gorilla.mp4 */ = {isa = PBXFileReference; lastKnownFileType = file; path = gorilla.mp4; sourceTree = "<group>"; };
		02BEEAE32B20AD3000DDC2BE /* elephant.mp4 */ = {isa = PBXFileReference; lastKnownFileType = file; path = elephant.mp4; sourceTree = "<group>"; };
		02BEEAE42B20AD3000DDC2BE /* lioness.mp4 */ = {isa = PBXFileReference; lastKnownFileType = file; path = lioness.mp4; sourceTree = "<group>"; };
		02BEEAE52B20AD3000DDC2BE /* lion.mp4 */ = {isa = PBXFileReference; lastKnownFileType = file; path = lion.mp4; sourceTree = "<group>"; };
		02BEEAE62B20AD3000DDC2BE /* rhino.mp4 */ = {isa = PBXFileReference; lastKnownFileType = file; path = rhino.mp4; sourceTree = "<group>"; };
		02BEEAE82B20AD3000DDC2BE /* MapView.swift */ = {isa = PBXFileReference; fileEncoding = 4; lastKnownFileType = sourcecode.swift; path = MapView.swift; sourceTree = "<group>"; };
		02BEEAEA2B20AD3000DDC2BE /* GalleryView.swift */ = {isa = PBXFileReference; fileEncoding = 4; lastKnownFileType = sourcecode.swift; path = GalleryView.swift; sourceTree = "<group>"; };
		02BEEAEB2B20AD3000DDC2BE /* MainView.swift */ = {isa = PBXFileReference; fileEncoding = 4; lastKnownFileType = sourcecode.swift; path = MainView.swift; sourceTree = "<group>"; };
		02BEEAEC2B20AD3000DDC2BE /* ContentView.swift */ = {isa = PBXFileReference; fileEncoding = 4; lastKnownFileType = sourcecode.swift; path = ContentView.swift; sourceTree = "<group>"; };
		02BEEAED2B20AD3000DDC2BE /* VideoListView.swift */ = {isa = PBXFileReference; fileEncoding = 4; lastKnownFileType = sourcecode.swift; path = VideoListView.swift; sourceTree = "<group>"; };
		02BEEB182B20AF6700DDC2BE /* CenterModifier.swift */ = {isa = PBXFileReference; fileEncoding = 4; lastKnownFileType = sourcecode.swift; path = CenterModifier.swift; sourceTree = "<group>"; };
/* End PBXFileReference section */

/* Begin PBXFrameworksBuildPhase section */
		02BEEAA82B20ACF500DDC2BE /* Frameworks */ = {
			isa = PBXFrameworksBuildPhase;
			buildActionMask = 2147483647;
			files = (
			);
			runOnlyForDeploymentPostprocessing = 0;
		};
/* End PBXFrameworksBuildPhase section */

/* Begin PBXGroup section */
		02BEEAA22B20ACF500DDC2BE = {
			isa = PBXGroup;
			children = (
				02BEEB172B20AF6700DDC2BE /* Modifier */,
				02BEEAAD2B20ACF500DDC2BE /* AfricaApp */,
				02BEEAAC2B20ACF500DDC2BE /* Products */,
			);
			sourceTree = "<group>";
		};
		02BEEAAC2B20ACF500DDC2BE /* Products */ = {
			isa = PBXGroup;
			children = (
				02BEEAAB2B20ACF500DDC2BE /* AfricaApp.app */,
			);
			name = Products;
			sourceTree = "<group>";
		};
		02BEEAAD2B20ACF500DDC2BE /* AfricaApp */ = {
			isa = PBXGroup;
			children = (
				02BEEAE72B20AD3000DDC2BE /* App */,
				02BEEABC2B20AD2C00DDC2BE /* Data */,
				02BEEAC12B20AD2C00DDC2BE /* Extension */,
				02BEEAC32B20AD2C00DDC2BE /* Model */,
				02BEEAC82B20AD2C00DDC2BE /* Modifier */,
				02BEEACA2B20AD2C00DDC2BE /* Utility */,
				02BEEADC2B20AD3000DDC2BE /* Video */,
				02BEEACC2B20AD2C00DDC2BE /* View */,
				02BEEAB22B20ACF700DDC2BE /* Assets.xcassets */,
				02BEEAB42B20ACF700DDC2BE /* Preview Content */,
			);
			path = AfricaApp;
			sourceTree = "<group>";
		};
		02BEEAB42B20ACF700DDC2BE /* Preview Content */ = {
			isa = PBXGroup;
			children = (
				02BEEAB52B20ACF700DDC2BE /* Preview Assets.xcassets */,
			);
			path = "Preview Content";
			sourceTree = "<group>";
		};
		02BEEABC2B20AD2C00DDC2BE /* Data */ = {
			isa = PBXGroup;
			children = (
				02BEEABD2B20AD2C00DDC2BE /* locations.json */,
				02BEEABE2B20AD2C00DDC2BE /* covers.json */,
				02BEEABF2B20AD2C00DDC2BE /* animals.json */,
				02BEEAC02B20AD2C00DDC2BE /* videos.json */,
			);
			path = Data;
			sourceTree = "<group>";
		};
		02BEEAC12B20AD2C00DDC2BE /* Extension */ = {
			isa = PBXGroup;
			children = (
				02BEEAC22B20AD2C00DDC2BE /* CodableBundleExtension.swift */,
			);
			path = Extension;
			sourceTree = "<group>";
		};
		02BEEAC32B20AD2C00DDC2BE /* Model */ = {
			isa = PBXGroup;
			children = (
				02BEEAC42B20AD2C00DDC2BE /* AnimalModel.swift */,
				02BEEAC52B20AD2C00DDC2BE /* VideoModel.swift */,
				02BEEAC62B20AD2C00DDC2BE /* CoverImageModel.swift */,
				02BEEAC72B20AD2C00DDC2BE /* LocationModel.swift */,
			);
			path = Model;
			sourceTree = "<group>";
		};
		02BEEAC82B20AD2C00DDC2BE /* Modifier */ = {
			isa = PBXGroup;
			children = (
				02BEEAC92B20AD2C00DDC2BE /* CenterModifier.swift */,
			);
			path = Modifier;
			sourceTree = "<group>";
		};
		02BEEACA2B20AD2C00DDC2BE /* Utility */ = {
			isa = PBXGroup;
			children = (
				02BEEACB2B20AD2C00DDC2BE /* VideoPlayerHelper.swift */,
			);
			path = Utility;
			sourceTree = "<group>";
		};
		02BEEACC2B20AD2C00DDC2BE /* View */ = {
			isa = PBXGroup;
			children = (
				02BEEACD2B20AD2C00DDC2BE /* HeadingView.swift */,
				02BEEACE2B20AD2C00DDC2BE /* Video */,
				02BEEAD12B20AD2C00DDC2BE /* AnimalGridItemView.swift */,
				02BEEAD22B20AD2C00DDC2BE /* ExternalWebLinkView.swift */,
				02BEEAD32B20AD2C00DDC2BE /* CoverImageView.swift */,
				02BEEAD42B20AD2C00DDC2BE /* InsetMapView.swift */,
				02BEEAD52B20AD2C00DDC2BE /* AnimalListItemView.swift */,
				02BEEAD62B20AD2C00DDC2BE /* MotionAnimationView.swift */,
				02BEEAD72B20AD2C00DDC2BE /* InsetFactView.swift */,
				02BEEAD82B20AD2C00DDC2BE /* InsetGalleryView.swift */,
				02BEEAD92B20AD2C00DDC2BE /* AnimalDetailView.swift */,
				02BEEADA2B20AD2C00DDC2BE /* CopyrightView.swift */,
				02BEEADB2B20AD2C00DDC2BE /* MapAnnotationView.swift */,
			);
			path = View;
			sourceTree = "<group>";
		};
		02BEEACE2B20AD2C00DDC2BE /* Video */ = {
			isa = PBXGroup;
			children = (
				02BEEACF2B20AD2C00DDC2BE /* VideoPlayerView.swift */,
				02BEEAD02B20AD2C00DDC2BE /* VideoListItem.swift */,
			);
			path = Video;
			sourceTree = "<group>";
		};
		02BEEADC2B20AD3000DDC2BE /* Video */ = {
			isa = PBXGroup;
			children = (
				02BEEADD2B20AD3000DDC2BE /* giraffe.mp4 */,
				02BEEADE2B20AD3000DDC2BE /* ostrich.mp4 */,
				02BEEADF2B20AD3000DDC2BE /* zebra.mp4 */,
				02BEEAE02B20AD3000DDC2BE /* hippo.mp4 */,
				02BEEAE12B20AD3000DDC2BE /* cheetah.mp4 */,
				02BEEAE22B20AD3000DDC2BE /* gorilla.mp4 */,
				02BEEAE32B20AD3000DDC2BE /* elephant.mp4 */,
				02BEEAE42B20AD3000DDC2BE /* lioness.mp4 */,
				02BEEAE52B20AD3000DDC2BE /* lion.mp4 */,
				02BEEAE62B20AD3000DDC2BE /* rhino.mp4 */,
			);
			path = Video;
			sourceTree = "<group>";
		};
		02BEEAE72B20AD3000DDC2BE /* App */ = {
			isa = PBXGroup;
			children = (
				02BEEAE82B20AD3000DDC2BE /* MapView.swift */,
				02BEEAEA2B20AD3000DDC2BE /* GalleryView.swift */,
				02BEEAEB2B20AD3000DDC2BE /* MainView.swift */,
				02BEEAEC2B20AD3000DDC2BE /* ContentView.swift */,
				02BEEAED2B20AD3000DDC2BE /* VideoListView.swift */,
				02BEEAAE2B20ACF500DDC2BE /* AfricaAppApp.swift */,
			);
			path = App;
			sourceTree = "<group>";
		};
		02BEEB172B20AF6700DDC2BE /* Modifier */ = {
			isa = PBXGroup;
			children = (
				02BEEB182B20AF6700DDC2BE /* CenterModifier.swift */,
			);
			name = Modifier;
			path = AfricaApp/Modifier;
			sourceTree = "<group>";
		};
/* End PBXGroup section */

/* Begin PBXNativeTarget section */
		02BEEAAA2B20ACF500DDC2BE /* AfricaApp */ = {
			isa = PBXNativeTarget;
			buildConfigurationList = 02BEEAB92B20ACF700DDC2BE /* Build configuration list for PBXNativeTarget "AfricaApp" */;
			buildPhases = (
				02BEEAA72B20ACF500DDC2BE /* Sources */,
				02BEEAA82B20ACF500DDC2BE /* Frameworks */,
				02BEEAA92B20ACF500DDC2BE /* Resources */,
			);
			buildRules = (
			);
			dependencies = (
			);
			name = AfricaApp;
			productName = AfricaApp;
			productReference = 02BEEAAB2B20ACF500DDC2BE /* AfricaApp.app */;
			productType = "com.apple.product-type.application";
		};
/* End PBXNativeTarget section */

/* Begin PBXProject section */
		02BEEAA32B20ACF500DDC2BE /* Project object */ = {
			isa = PBXProject;
			attributes = {
				BuildIndependentTargetsInParallel = 1;
				LastSwiftUpdateCheck = 1500;
				LastUpgradeCheck = 1500;
				TargetAttributes = {
					02BEEAAA2B20ACF500DDC2BE = {
						CreatedOnToolsVersion = 15.0;
					};
				};
			};
			buildConfigurationList = 02BEEAA62B20ACF500DDC2BE /* Build configuration list for PBXProject "AfricaApp" */;
			compatibilityVersion = "Xcode 14.0";
			developmentRegion = en;
			hasScannedForEncodings = 0;
			knownRegions = (
				en,
				Base,
			);
			mainGroup = 02BEEAA22B20ACF500DDC2BE;
			productRefGroup = 02BEEAAC2B20ACF500DDC2BE /* Products */;
			projectDirPath = "";
			projectRoot = "";
			targets = (
				02BEEAAA2B20ACF500DDC2BE /* AfricaApp */,
			);
		};
/* End PBXProject section */

/* Begin PBXResourcesBuildPhase section */
		02BEEAA92B20ACF500DDC2BE /* Resources */ = {
			isa = PBXResourcesBuildPhase;
			buildActionMask = 2147483647;
			files = (
				02BEEB0A2B20AD3000DDC2BE /* hippo.mp4 in Resources */,
				02BEEAF02B20AD3000DDC2BE /* animals.json in Resources */,
				02BEEAB62B20ACF700DDC2BE /* Preview Assets.xcassets in Resources */,
				02BEEAEF2B20AD3000DDC2BE /* covers.json in Resources */,
				02BEEB0C2B20AD3000DDC2BE /* gorilla.mp4 in Resources */,
				02BEEB0E2B20AD3000DDC2BE /* lioness.mp4 in Resources */,
				02BEEB0D2B20AD3000DDC2BE /* elephant.mp4 in Resources */,
				02BEEAEE2B20AD3000DDC2BE /* locations.json in Resources */,
				02BEEB102B20AD3000DDC2BE /* rhino.mp4 in Resources */,
				02BEEAB32B20ACF700DDC2BE /* Assets.xcassets in Resources */,
				02BEEB072B20AD3000DDC2BE /* giraffe.mp4 in Resources */,
				02BEEB082B20AD3000DDC2BE /* ostrich.mp4 in Resources */,
				02BEEB092B20AD3000DDC2BE /* zebra.mp4 in Resources */,
				02BEEAF12B20AD3000DDC2BE /* videos.json in Resources */,
				02BEEB0F2B20AD3000DDC2BE /* lion.mp4 in Resources */,
				02BEEB0B2B20AD3000DDC2BE /* cheetah.mp4 in Resources */,
			);
			runOnlyForDeploymentPostprocessing = 0;
		};
/* End PBXResourcesBuildPhase section */

/* Begin PBXSourcesBuildPhase section */
		02BEEAA72B20ACF500DDC2BE /* Sources */ = {
			isa = PBXSourcesBuildPhase;
			buildActionMask = 2147483647;
			files = (
				02BEEAFB2B20AD3000DDC2BE /* VideoListItem.swift in Sources */,
				02BEEB112B20AD3000DDC2BE /* MapView.swift in Sources */,
				02BEEB152B20AD3000DDC2BE /* ContentView.swift in Sources */,
				02BEEB192B20AF6700DDC2BE /* CenterModifier.swift in Sources */,
				02BEEAFD2B20AD3000DDC2BE /* ExternalWebLinkView.swift in Sources */,
				02BEEAF92B20AD3000DDC2BE /* HeadingView.swift in Sources */,
				02BEEAF52B20AD3000DDC2BE /* CoverImageModel.swift in Sources */,
				02BEEAFA2B20AD3000DDC2BE /* VideoPlayerView.swift in Sources */,
				02BEEAFC2B20AD3000DDC2BE /* AnimalGridItemView.swift in Sources */,
				02BEEB032B20AD3000DDC2BE /* InsetGalleryView.swift in Sources */,
				02BEEB042B20AD3000DDC2BE /* AnimalDetailView.swift in Sources */,
				02BEEAFE2B20AD3000DDC2BE /* CoverImageView.swift in Sources */,
				02BEEAAF2B20ACF500DDC2BE /* AfricaAppApp.swift in Sources */,
				02BEEB002B20AD3000DDC2BE /* AnimalListItemView.swift in Sources */,
				02BEEB052B20AD3000DDC2BE /* CopyrightView.swift in Sources */,
				02BEEB062B20AD3000DDC2BE /* MapAnnotationView.swift in Sources */,
				02BEEAFF2B20AD3000DDC2BE /* InsetMapView.swift in Sources */,
				02BEEAF22B20AD3000DDC2BE /* CodableBundleExtension.swift in Sources */,
				02BEEB132B20AD3000DDC2BE /* GalleryView.swift in Sources */,
				02BEEB142B20AD3000DDC2BE /* MainView.swift in Sources */,
				02BEEAF42B20AD3000DDC2BE /* VideoModel.swift in Sources */,
				02BEEAF62B20AD3000DDC2BE /* LocationModel.swift in Sources */,
				02BEEB022B20AD3000DDC2BE /* InsetFactView.swift in Sources */,
				02BEEAF32B20AD3000DDC2BE /* AnimalModel.swift in Sources */,
				02BEEB162B20AD3000DDC2BE /* VideoListView.swift in Sources */,
				02BEEB012B20AD3000DDC2BE /* MotionAnimationView.swift in Sources */,
				02BEEAF82B20AD3000DDC2BE /* VideoPlayerHelper.swift in Sources */,
				02BEEAF72B20AD3000DDC2BE /* CenterModifier.swift in Sources */,
			);
			runOnlyForDeploymentPostprocessing = 0;
		};
/* End PBXSourcesBuildPhase section */

/* Begin XCBuildConfiguration section */
		02BEEAB72B20ACF700DDC2BE /* Debug */ = {
			isa = XCBuildConfiguration;
			buildSettings = {
				ALWAYS_SEARCH_USER_PATHS = NO;
				ASSETCATALOG_COMPILER_GENERATE_SWIFT_ASSET_SYMBOL_EXTENSIONS = YES;
				CLANG_ANALYZER_NONNULL = YES;
				CLANG_ANALYZER_NUMBER_OBJECT_CONVERSION = YES_AGGRESSIVE;
				CLANG_CXX_LANGUAGE_STANDARD = "gnu++20";
				CLANG_ENABLE_MODULES = YES;
				CLANG_ENABLE_OBJC_ARC = YES;
				CLANG_ENABLE_OBJC_WEAK = YES;
				CLANG_WARN_BLOCK_CAPTURE_AUTORELEASING = YES;
				CLANG_WARN_BOOL_CONVERSION = YES;
				CLANG_WARN_COMMA = YES;
				CLANG_WARN_CONSTANT_CONVERSION = YES;
				CLANG_WARN_DEPRECATED_OBJC_IMPLEMENTATIONS = YES;
				CLANG_WARN_DIRECT_OBJC_ISA_USAGE = YES_ERROR;
				CLANG_WARN_DOCUMENTATION_COMMENTS = YES;
				CLANG_WARN_EMPTY_BODY = YES;
				CLANG_WARN_ENUM_CONVERSION = YES;
				CLANG_WARN_INFINITE_RECURSION = YES;
				CLANG_WARN_INT_CONVERSION = YES;
				CLANG_WARN_NON_LITERAL_NULL_CONVERSION = YES;
				CLANG_WARN_OBJC_IMPLICIT_RETAIN_SELF = YES;
				CLANG_WARN_OBJC_LITERAL_CONVERSION = YES;
				CLANG_WARN_OBJC_ROOT_CLASS = YES_ERROR;
				CLANG_WARN_QUOTED_INCLUDE_IN_FRAMEWORK_HEADER = YES;
				CLANG_WARN_RANGE_LOOP_ANALYSIS = YES;
				CLANG_WARN_STRICT_PROTOTYPES = YES;
				CLANG_WARN_SUSPICIOUS_MOVE = YES;
				CLANG_WARN_UNGUARDED_AVAILABILITY = YES_AGGRESSIVE;
				CLANG_WARN_UNREACHABLE_CODE = YES;
				CLANG_WARN__DUPLICATE_METHOD_MATCH = YES;
				COPY_PHASE_STRIP = NO;
				DEBUG_INFORMATION_FORMAT = dwarf;
				ENABLE_STRICT_OBJC_MSGSEND = YES;
				ENABLE_TESTABILITY = YES;
				ENABLE_USER_SCRIPT_SANDBOXING = YES;
				GCC_C_LANGUAGE_STANDARD = gnu17;
				GCC_DYNAMIC_NO_PIC = NO;
				GCC_NO_COMMON_BLOCKS = YES;
				GCC_OPTIMIZATION_LEVEL = 0;
				GCC_PREPROCESSOR_DEFINITIONS = (
					"DEBUG=1",
					"$(inherited)",
				);
				GCC_WARN_64_TO_32_BIT_CONVERSION = YES;
				GCC_WARN_ABOUT_RETURN_TYPE = YES_ERROR;
				GCC_WARN_UNDECLARED_SELECTOR = YES;
				GCC_WARN_UNINITIALIZED_AUTOS = YES_AGGRESSIVE;
				GCC_WARN_UNUSED_FUNCTION = YES;
				GCC_WARN_UNUSED_VARIABLE = YES;
				IPHONEOS_DEPLOYMENT_TARGET = 17.0;
				LOCALIZATION_PREFERS_STRING_CATALOGS = YES;
				MTL_ENABLE_DEBUG_INFO = INCLUDE_SOURCE;
				MTL_FAST_MATH = YES;
				ONLY_ACTIVE_ARCH = YES;
				SDKROOT = iphoneos;
				SWIFT_ACTIVE_COMPILATION_CONDITIONS = "DEBUG $(inherited)";
				SWIFT_OPTIMIZATION_LEVEL = "-Onone";
			};
			name = Debug;
		};
		02BEEAB82B20ACF700DDC2BE /* Release */ = {
			isa = XCBuildConfiguration;
			buildSettings = {
				ALWAYS_SEARCH_USER_PATHS = NO;
				ASSETCATALOG_COMPILER_GENERATE_SWIFT_ASSET_SYMBOL_EXTENSIONS = YES;
				CLANG_ANALYZER_NONNULL = YES;
				CLANG_ANALYZER_NUMBER_OBJECT_CONVERSION = YES_AGGRESSIVE;
				CLANG_CXX_LANGUAGE_STANDARD = "gnu++20";
				CLANG_ENABLE_MODULES = YES;
				CLANG_ENABLE_OBJC_ARC = YES;
				CLANG_ENABLE_OBJC_WEAK = YES;
				CLANG_WARN_BLOCK_CAPTURE_AUTORELEASING = YES;
				CLANG_WARN_BOOL_CONVERSION = YES;
				CLANG_WARN_COMMA = YES;
				CLANG_WARN_CONSTANT_CONVERSION = YES;
				CLANG_WARN_DEPRECATED_OBJC_IMPLEMENTATIONS = YES;
				CLANG_WARN_DIRECT_OBJC_ISA_USAGE = YES_ERROR;
				CLANG_WARN_DOCUMENTATION_COMMENTS = YES;
				CLANG_WARN_EMPTY_BODY = YES;
				CLANG_WARN_ENUM_CONVERSION = YES;
				CLANG_WARN_INFINITE_RECURSION = YES;
				CLANG_WARN_INT_CONVERSION = YES;
				CLANG_WARN_NON_LITERAL_NULL_CONVERSION = YES;
				CLANG_WARN_OBJC_IMPLICIT_RETAIN_SELF = YES;
				CLANG_WARN_OBJC_LITERAL_CONVERSION = YES;
				CLANG_WARN_OBJC_ROOT_CLASS = YES_ERROR;
				CLANG_WARN_QUOTED_INCLUDE_IN_FRAMEWORK_HEADER = YES;
				CLANG_WARN_RANGE_LOOP_ANALYSIS = YES;
				CLANG_WARN_STRICT_PROTOTYPES = YES;
				CLANG_WARN_SUSPICIOUS_MOVE = YES;
				CLANG_WARN_UNGUARDED_AVAILABILITY = YES_AGGRESSIVE;
				CLANG_WARN_UNREACHABLE_CODE = YES;
				CLANG_WARN__DUPLICATE_METHOD_MATCH = YES;
				COPY_PHASE_STRIP = NO;
				DEBUG_INFORMATION_FORMAT = "dwarf-with-dsym";
				ENABLE_NS_ASSERTIONS = NO;
				ENABLE_STRICT_OBJC_MSGSEND = YES;
				ENABLE_USER_SCRIPT_SANDBOXING = YES;
				GCC_C_LANGUAGE_STANDARD = gnu17;
				GCC_NO_COMMON_BLOCKS = YES;
				GCC_WARN_64_TO_32_BIT_CONVERSION = YES;
				GCC_WARN_ABOUT_RETURN_TYPE = YES_ERROR;
				GCC_WARN_UNDECLARED_SELECTOR = YES;
				GCC_WARN_UNINITIALIZED_AUTOS = YES_AGGRESSIVE;
				GCC_WARN_UNUSED_FUNCTION = YES;
				GCC_WARN_UNUSED_VARIABLE = YES;
				IPHONEOS_DEPLOYMENT_TARGET = 17.0;
				LOCALIZATION_PREFERS_STRING_CATALOGS = YES;
				MTL_ENABLE_DEBUG_INFO = NO;
				MTL_FAST_MATH = YES;
				SDKROOT = iphoneos;
				SWIFT_COMPILATION_MODE = wholemodule;
				VALIDATE_PRODUCT = YES;
			};
			name = Release;
		};
		02BEEABA2B20ACF700DDC2BE /* Debug */ = {
			isa = XCBuildConfiguration;
			buildSettings = {
				ASSETCATALOG_COMPILER_APPICON_NAME = AppIcon;
				ASSETCATALOG_COMPILER_GLOBAL_ACCENT_COLOR_NAME = AccentColor;
				CODE_SIGN_STYLE = Automatic;
				CURRENT_PROJECT_VERSION = 1;
				DEVELOPMENT_ASSET_PATHS = "\"AfricaApp/Preview Content\"";
				DEVELOPMENT_TEAM = ZUBHPCYGQC;
				ENABLE_PREVIEWS = YES;
				GENERATE_INFOPLIST_FILE = YES;
				INFOPLIST_KEY_UIApplicationSceneManifest_Generation = YES;
				INFOPLIST_KEY_UIApplicationSupportsIndirectInputEvents = YES;
				INFOPLIST_KEY_UILaunchScreen_Generation = YES;
				INFOPLIST_KEY_UISupportedInterfaceOrientations_iPad = "UIInterfaceOrientationPortrait UIInterfaceOrientationPortraitUpsideDown UIInterfaceOrientationLandscapeLeft UIInterfaceOrientationLandscapeRight";
				INFOPLIST_KEY_UISupportedInterfaceOrientations_iPhone = "UIInterfaceOrientationPortrait UIInterfaceOrientationLandscapeLeft UIInterfaceOrientationLandscapeRight";
				LD_RUNPATH_SEARCH_PATHS = (
					"$(inherited)",
					"@executable_path/Frameworks",
				);
				MARKETING_VERSION = 1.0;
				PRODUCT_BUNDLE_IDENTIFIER = com.training.AfricaApp;
				PRODUCT_NAME = "$(TARGET_NAME)";
				SWIFT_EMIT_LOC_STRINGS = YES;
				SWIFT_VERSION = 5.0;
				TARGETED_DEVICE_FAMILY = "1,2";
			};
			name = Debug;
		};
		02BEEABB2B20ACF700DDC2BE /* Release */ = {
			isa = XCBuildConfiguration;
			buildSettings = {
				ASSETCATALOG_COMPILER_APPICON_NAME = AppIcon;
				ASSETCATALOG_COMPILER_GLOBAL_ACCENT_COLOR_NAME = AccentColor;
				CODE_SIGN_STYLE = Automatic;
				CURRENT_PROJECT_VERSION = 1;
				DEVELOPMENT_ASSET_PATHS = "\"AfricaApp/Preview Content\"";
				DEVELOPMENT_TEAM = ZUBHPCYGQC;
				ENABLE_PREVIEWS = YES;
				GENERATE_INFOPLIST_FILE = YES;
				INFOPLIST_KEY_UIApplicationSceneManifest_Generation = YES;
				INFOPLIST_KEY_UIApplicationSupportsIndirectInputEvents = YES;
				INFOPLIST_KEY_UILaunchScreen_Generation = YES;
				INFOPLIST_KEY_UISupportedInterfaceOrientations_iPad = "UIInterfaceOrientationPortrait UIInterfaceOrientationPortraitUpsideDown UIInterfaceOrientationLandscapeLeft UIInterfaceOrientationLandscapeRight";
				INFOPLIST_KEY_UISupportedInterfaceOrientations_iPhone = "UIInterfaceOrientationPortrait UIInterfaceOrientationLandscapeLeft UIInterfaceOrientationLandscapeRight";
				LD_RUNPATH_SEARCH_PATHS = (
					"$(inherited)",
					"@executable_path/Frameworks",
				);
				MARKETING_VERSION = 1.0;
				PRODUCT_BUNDLE_IDENTIFIER = com.training.AfricaApp;
				PRODUCT_NAME = "$(TARGET_NAME)";
				SWIFT_EMIT_LOC_STRINGS = YES;
				SWIFT_VERSION = 5.0;
				TARGETED_DEVICE_FAMILY = "1,2";
			};
			name = Release;
		};
/* End XCBuildConfiguration section */

/* Begin XCConfigurationList section */
		02BEEAA62B20ACF500DDC2BE /* Build configuration list for PBXProject "AfricaApp" */ = {
			isa = XCConfigurationList;
			buildConfigurations = (
				02BEEAB72B20ACF700DDC2BE /* Debug */,
				02BEEAB82B20ACF700DDC2BE /* Release */,
			);
			defaultConfigurationIsVisible = 0;
			defaultConfigurationName = Release;
		};
		02BEEAB92B20ACF700DDC2BE /* Build configuration list for PBXNativeTarget "AfricaApp" */ = {
			isa = XCConfigurationList;
			buildConfigurations = (
				02BEEABA2B20ACF700DDC2BE /* Debug */,
				02BEEABB2B20ACF700DDC2BE /* Release */,
			);
			defaultConfigurationIsVisible = 0;
			defaultConfigurationName = Release;
		};
/* End XCConfigurationList section */
	};
	rootObject = 02BEEAA32B20ACF500DDC2BE /* Project object */;
}
